
Microsoft Visual Studio Solution File, Format Version 12.00
# Visual Studio 15
VisualStudioVersion = 15.0.28010.2026
MinimumVisualStudioVersion = 10.0.40219.1
Project("{FAE04EC0-301F-11D3-BF4B-00C04F79EFBC}") = "Multi_Table", "Multi_Table\Multi_Table.csproj", "{534582FB-D4E8-436B-90BC-FB10A6C0EF83}"
EndProject
Global
	GlobalSection(SolutionConfigurationPlatforms) = preSolution
		Debug|Any CPU = Debug|Any CPU
		Release|Any CPU = Release|Any CPU
	EndGlobalSection
	GlobalSection(ProjectConfigurationPlatforms) = postSolution
		{534582FB-D4E8-436B-90BC-FB10A6C0EF83}.Debug|Any CPU.ActiveCfg = Debug|Any CPU
		{534582FB-D4E8-436B-90BC-FB10A6C0EF83}.Debug|Any CPU.Build.0 = Debug|Any CPU
		{534582FB-D4E8-436B-90BC-FB10A6C0EF83}.Release|Any CPU.ActiveCfg = Release|Any CPU
		{534582FB-D4E8-436B-90BC-FB10A6C0EF83}.Release|Any CPU.Build.0 = Release|Any CPU
	EndGlobalSection
	GlobalSection(SolutionProperties) = preSolution
		HideSolutionNode = FALSE
	EndGlobalSection
	GlobalSection(ExtensibilityGlobals) = postSolution
		SolutionGuid = {35751404-D7AB-4854-8082-BED56A1009F2}
	EndGlobalSection
EndGlobal
